
Microsoft Visual Studio Solution File, Format Version 12.00
# Visual Studio Version 16
VisualStudioVersion = 16.0.28803.452
MinimumVisualStudioVersion = 10.0.40219.1
Project("{9A19103F-16F7-4668-BE54-9A1E7A4F7556}") = "Kata005", "Kata005\Kata005.csproj", "{AF360C2C-FBA0-428A-854A-F2918C184E13}"
EndProject
Project("{2150E333-8FDC-42A3-9474-1A3956D46DE8}") = "Solution Items", "Solution Items", "{E303190B-063C-4B09-8688-59E731DAC467}"
	ProjectSection(SolutionItems) = preProject
		readme.md = readme.md
	EndProjectSection
EndProject
Global
	GlobalSection(SolutionConfigurationPlatforms) = preSolution
		Debug|Any CPU = Debug|Any CPU
		Release|Any CPU = Release|Any CPU
	EndGlobalSection
	GlobalSection(ProjectConfigurationPlatforms) = postSolution
		{AF360C2C-FBA0-428A-854A-F2918C184E13}.Debug|Any CPU.ActiveCfg = Debug|Any CPU
		{AF360C2C-FBA0-428A-854A-F2918C184E13}.Debug|Any CPU.Build.0 = Debug|Any CPU
		{AF360C2C-FBA0-428A-854A-F2918C184E13}.Release|Any CPU.ActiveCfg = Release|Any CPU
		{AF360C2C-FBA0-428A-854A-F2918C184E13}.Release|Any CPU.Build.0 = Release|Any CPU
	EndGlobalSection
	GlobalSection(SolutionProperties) = preSolution
		HideSolutionNode = FALSE
	EndGlobalSection
	GlobalSection(ExtensibilityGlobals) = postSolution
		SolutionGuid = {E7618D29-8705-4C78-B38A-EA7141FE39D9}
	EndGlobalSection
EndGlobal
